
Microsoft Visual Studio Solution File, Format Version 12.00
# Visual Studio Version 17
VisualStudioVersion = 17.5.33530.505
MinimumVisualStudioVersion = 10.0.40219.1
Project("{9A19103F-16F7-4668-BE54-9A1E7A4F7556}") = "EstoqueWeb.Presentation", "EstoqueWeb.Presentation\EstoqueWeb.Presentation.csproj", "{29E2B242-BBF1-4E90-B742-3BDE64E25E1D}"
EndProject
Project("{2150E333-8FDC-42A3-9474-1A3956D46DE8}") = "1 - Presentation", "1 - Presentation", "{B9000813-59C6-467D-BDEA-C2F04800832C}"
EndProject
Project("{2150E333-8FDC-42A3-9474-1A3956D46DE8}") = "2 - Repository", "2 - Repository", "{595D5E91-0A95-43F2-B46F-9C92B4903850}"
EndProject
Project("{FAE04EC0-301F-11D3-BF4B-00C04F79EFBC}") = "EstoqueWeb.Infra.Data", "EstoqueWeb.Infra.Data\EstoqueWeb.Infra.Data.csproj", "{B399C4F4-F7E3-4380-AED9-FF29914E9478}"
EndProject
Global
	GlobalSection(SolutionConfigurationPlatforms) = preSolution
		Debug|Any CPU = Debug|Any CPU
		Release|Any CPU = Release|Any CPU
	EndGlobalSection
	GlobalSection(ProjectConfigurationPlatforms) = postSolution
		{29E2B242-BBF1-4E90-B742-3BDE64E25E1D}.Debug|Any CPU.ActiveCfg = Debug|Any CPU
		{29E2B242-BBF1-4E90-B742-3BDE64E25E1D}.Debug|Any CPU.Build.0 = Debug|Any CPU
		{29E2B242-BBF1-4E90-B742-3BDE64E25E1D}.Release|Any CPU.ActiveCfg = Release|Any CPU
		{29E2B242-BBF1-4E90-B742-3BDE64E25E1D}.Release|Any CPU.Build.0 = Release|Any CPU
		{B399C4F4-F7E3-4380-AED9-FF29914E9478}.Debug|Any CPU.ActiveCfg = Debug|Any CPU
		{B399C4F4-F7E3-4380-AED9-FF29914E9478}.Debug|Any CPU.Build.0 = Debug|Any CPU
		{B399C4F4-F7E3-4380-AED9-FF29914E9478}.Release|Any CPU.ActiveCfg = Release|Any CPU
		{B399C4F4-F7E3-4380-AED9-FF29914E9478}.Release|Any CPU.Build.0 = Release|Any CPU
	EndGlobalSection
	GlobalSection(SolutionProperties) = preSolution
		HideSolutionNode = FALSE
	EndGlobalSection
	GlobalSection(NestedProjects) = preSolution
		{29E2B242-BBF1-4E90-B742-3BDE64E25E1D} = {B9000813-59C6-467D-BDEA-C2F04800832C}
		{B399C4F4-F7E3-4380-AED9-FF29914E9478} = {595D5E91-0A95-43F2-B46F-9C92B4903850}
	EndGlobalSection
	GlobalSection(ExtensibilityGlobals) = postSolution
		SolutionGuid = {50A17FD4-971E-445D-9CCF-2A31497ADA4B}
	EndGlobalSection
EndGlobal
